
Microsoft Visual Studio Solution File, Format Version 12.00
Project("{FAE04EC0-301F-11D3-BF4B-00C04F79EFBC}") = "OrchardCore.FileStorage.S3", "OrchardCore.FileStorage.S3\OrchardCore.FileStorage.S3.csproj", "{8D3AC75D-A979-4517-BB2D-E77C08E0F221}"
EndProject
Project("{FAE04EC0-301F-11D3-BF4B-00C04F79EFBC}") = "OrchardCore.Media.S3", "OrchardCore.Media.S3\OrchardCore.Media.S3.csproj", "{8F9D2BCC-9A6E-495A-AA42-1B73A0073124}"
EndProject
Global
	GlobalSection(SolutionConfigurationPlatforms) = preSolution
		Debug|Any CPU = Debug|Any CPU
		Release|Any CPU = Release|Any CPU
	EndGlobalSection
	GlobalSection(ProjectConfigurationPlatforms) = postSolution
		{8D3AC75D-A979-4517-BB2D-E77C08E0F221}.Debug|Any CPU.ActiveCfg = Debug|Any CPU
		{8D3AC75D-A979-4517-BB2D-E77C08E0F221}.Debug|Any CPU.Build.0 = Debug|Any CPU
		{8D3AC75D-A979-4517-BB2D-E77C08E0F221}.Release|Any CPU.ActiveCfg = Release|Any CPU
		{8D3AC75D-A979-4517-BB2D-E77C08E0F221}.Release|Any CPU.Build.0 = Release|Any CPU
		{8F9D2BCC-9A6E-495A-AA42-1B73A0073124}.Debug|Any CPU.ActiveCfg = Debug|Any CPU
		{8F9D2BCC-9A6E-495A-AA42-1B73A0073124}.Debug|Any CPU.Build.0 = Debug|Any CPU
		{8F9D2BCC-9A6E-495A-AA42-1B73A0073124}.Release|Any CPU.ActiveCfg = Release|Any CPU
		{8F9D2BCC-9A6E-495A-AA42-1B73A0073124}.Release|Any CPU.Build.0 = Release|Any CPU
	EndGlobalSection
EndGlobal
